{
  "name": "@piqnt/runtime",
  "version": "0.0.0",
  "lockfileVersion": 3,
  "requires": true,
  "packages": {
    "": {
      "name": "@piqnt/runtime",
      "version": "0.0.0",
      "license": "MIT",
      "workspaces": [
        "packages/*"
      ]
    },
    "node_modules/testbed-planck-v1": {
      "resolved": "packages/testbed-planck-v1",
      "link": true
    },
    "packages/testbed-planck-v1": {
      "version": "1.0.0",
      "license": "ISC"
    }
  }
}
